{
  "name": "root-folder",
  "version": "1.0.0",
  "lockfileVersion": 1,
  "requires": true,
  "dependencies": {
    "@types/arcgis-js-api": {
      "version": "4.7.0",
      "resolved": "https://registry.npmjs.org/@types/arcgis-js-api/-/arcgis-js-api-4.7.0.tgz",
      "integrity": "sha512-wnIC+c0T6W8anZnSCzu+NRAvPiaJGSdrG3jCukbkb99UY2HKCiXmBsarQQApBV32yyPRHmLPXWNVH3l2xcF64Q=="
    },
    "@types/chai": {
      "version": "4.1.3",
      "resolved": "https://registry.npmjs.org/@types/chai/-/chai-4.1.3.tgz",
      "integrity": "sha512-f5dXGzOJycyzSMdaXVhiBhauL4dYydXwVpavfQ1mVCaGjR56a9QfklXObUxlIY9bGTmCPHEEZ04I16BZ/8w5ww==",
      "dev": true
    },
    "dojo-typings": {
      "version": "1.11.9",
      "resolved": "https://registry.npmjs.org/dojo-typings/-/dojo-typings-1.11.9.tgz",
      "integrity": "sha512-mh8w+Mau2Y1QfTEszEAdO7j6ycNhYxF/Ing6nAk1eUg6NxjeT0viVHjICMd9sU3U463vM2G+KfBBK5grk3/Mlw==",
      "dev": true,
      "requires": {
        "@types/chai": "4.1.3"
      }
    }
  }
}
